Microsoft Visual Studio Solution File, Format Version 12.00
# Visual Studio Version 17
VisualStudioVersion = 17.0.31912.275
MinimumVisualStudioVersion = 10.0.40219.1
Project("{9A19103F-16F7-4668-BE54-9A1E7A4F7556}") = "PackIt", "PackIt\src\PackIt.csproj", "{61C44C0B-1705-49A7-B88D-ACB260D2B59E}"
	ProjectSection(ProjectDependencies) = postProject
		{2EE77FC5-CFF6-4F8F-8A2B-CAF43892C24B} = {2EE77FC5-CFF6-4F8F-8A2B-CAF43892C24B}
	EndProjectSection
EndProject
Project("{2150E333-8FDC-42A3-9474-1A3956D46DE8}") = "Solution Items", "Solution Items", "{8966A5E7-72BB-48F0-A9D8-AAFB4ADF88DC}"
	ProjectSection(SolutionItems) = preProject
		.codacy.yml = .codacy.yml
		.codeclimate.yml = .codeclimate.yml
		.eslintignore = .eslintignore
		.gitignore = .gitignore
		.markdownlint.json = .markdownlint.json
		appveyor.yml = appveyor.yml
		CODE_OF_CONDUCT.md = CODE_OF_CONDUCT.md
		CONTRIBUTING.md = CONTRIBUTING.md
		CONTRIBUTORS.md = CONTRIBUTORS.md
		LICENSE.md = LICENSE.md
		README.md = README.md
		Settings.StyleCop = Settings.StyleCop
		sonar-project.properties = sonar-project.properties
		unit_tests.playlist = unit_tests.playlist
		Vagrantfile = Vagrantfile
		_config.yml = _config.yml
	EndProjectSection
EndProject
Project("{9A19103F-16F7-4668-BE54-9A1E7A4F7556}") = "PackIt.Test", "PackIt\test\PackIt.Test.csproj", "{DDC0D77C-DDA0-4523-ABB4-23062E066312}"
	ProjectSection(ProjectDependencies) = postProject
		{61C44C0B-1705-49A7-B88D-ACB260D2B59E} = {61C44C0B-1705-49A7-B88D-ACB260D2B59E}
	EndProjectSection
EndProject
Project("{9A19103F-16F7-4668-BE54-9A1E7A4F7556}") = "PackIt.Bdd", "PackIt\bdd\PackIt.Bdd.csproj", "{FAE04EC0-301F-11D3-BF4B-00C04F79EFBC}"
EndProject
Project("{9A19103F-16F7-4668-BE54-9A1E7A4F7556}") = "PackItUI", "PackItUI\src\PackItUI.csproj", "{CA4BD270-DA27-4792-A7D3-6DA15A4E4EB2}"
	ProjectSection(ProjectDependencies) = postProject
		{2EE77FC5-CFF6-4F8F-8A2B-CAF43892C24B} = {2EE77FC5-CFF6-4F8F-8A2B-CAF43892C24B}
	EndProjectSection
EndProject
Project("{9A19103F-16F7-4668-BE54-9A1E7A4F7556}") = "PackItBdd", "PackItBdd\src\PackItBdd.csproj", "{50857ACE-12B0-4262-A89F-413AC8AD31B1}"
EndProject
Project("{9A19103F-16F7-4668-BE54-9A1E7A4F7556}") = "PackItLib", "PackItLib\src\PackItLib.csproj", "{2EE77FC5-CFF6-4F8F-8A2B-CAF43892C24B}"
EndProject
Project("{9A19103F-16F7-4668-BE54-9A1E7A4F7556}") = "PackItLib.Test", "PackItLib\test\PackItLib.Test.csproj", "{C3D58F03-3DE4-431F-8586-AE20EB033D6B}"
EndProject
Project("{9A19103F-16F7-4668-BE54-9A1E7A4F7556}") = "PackItUI.Test", "PackItUI\test\PackItUI.Test.csproj", "{4C6A7075-1D16-4730-B297-7D1AC7956AD0}"
EndProject
Project("{9A19103F-16F7-4668-BE54-9A1E7A4F7556}") = "PackItDraw", "PackItDraw\src\PackItDraw.csproj", "{3FC756A2-8063-432D-971A-82F119E2CCFC}"
EndProject
Project("{9A19103F-16F7-4668-BE54-9A1E7A4F7556}") = "PackItDraw.Test", "PackItDraw\test\PackItDraw.Test.csproj", "{50C2D5CB-7541-4CF4-9D87-46D24736DF56}"
EndProject
Project("{9A19103F-16F7-4668-BE54-9A1E7A4F7556}") = "PackItDraw.Bdd", "PackItDraw\bdd\PackItDraw.Bdd.csproj", "{48F66A85-6ECC-439A-B0C1-C92317DF276D}"
EndProject
Project("{9A19103F-16F7-4668-BE54-9A1E7A4F7556}") = "PackItBdd.Test", "PackItBdd\test\PackItBdd.Test.csproj", "{FAD5DCE7-6830-40B9-B2FC-4551D67EA4A0}"
	ProjectSection(ProjectDependencies) = postProject
		{F5158A45-A037-421A-A482-B66563A92958} = {F5158A45-A037-421A-A482-B66563A92958}
	EndProjectSection
EndProject
Project("{9A19103F-16F7-4668-BE54-9A1E7A4F7556}") = "PackItMock", "PackItMock\src\PackItMock.csproj", "{F5158A45-A037-421A-A482-B66563A92958}"
EndProject
Project("{9A19103F-16F7-4668-BE54-9A1E7A4F7556}") = "PackItMock.Test", "PackItMock\test\PackItMock.Test.csproj", "{5059DD28-EBE1-4A22-9F81-CFFBF8DC16CD}"
	ProjectSection(ProjectDependencies) = postProject
		{F5158A45-A037-421A-A482-B66563A92958} = {F5158A45-A037-421A-A482-B66563A92958}
	EndProjectSection
EndProject
Project("{2150E333-8FDC-42A3-9474-1A3956D46DE8}") = "docs", "docs", "{D498A2E9-8772-44F3-AD62-D68035D88591}"
	ProjectSection(SolutionItems) = preProject
		docs\.gitignore = docs\.gitignore
		docs\API-VERSIONING.md = docs\API-VERSIONING.md
		docs\doxygen = docs\doxygen
		docs\DOXYGENHOME.md = docs\DOXYGENHOME.md
		docs\SERVICE-VERSIONING.md = docs\SERVICE-VERSIONING.md
		docs\VERSIONING.md = docs\VERSIONING.md
	EndProjectSection
EndProject
Project("{2150E333-8FDC-42A3-9474-1A3956D46DE8}") = ".vscode", ".vscode", "{37C7997A-E24F-4384-8F8D-29A32E80E11B}"
	ProjectSection(SolutionItems) = preProject
		.vscode\launch.json = .vscode\launch.json
		.vscode\settings.json = .vscode\settings.json
		.vscode\tasks.json = .vscode\tasks.json
	EndProjectSection
EndProject
Project("{2150E333-8FDC-42A3-9474-1A3956D46DE8}") = "assets", "assets", "{B773C65F-7278-415F-829A-96C75A71D6DC}"
EndProject
Project("{2150E333-8FDC-42A3-9474-1A3956D46DE8}") = "css", "css", "{5BF63EBA-8A82-49F4-B9C4-741AEFCB312A}"
	ProjectSection(SolutionItems) = preProject
		assets\css\style.scss = assets\css\style.scss
	EndProjectSection
EndProject
Project("{2150E333-8FDC-42A3-9474-1A3956D46DE8}") = ".github", ".github", "{5A855F89-A14D-49C3-A3D5-D6D62DC1E83A}"
EndProject
Project("{2150E333-8FDC-42A3-9474-1A3956D46DE8}") = "workflows", "workflows", "{2D16B9D3-179A-41E5-839F-897BD3218937}"
	ProjectSection(SolutionItems) = preProject
		.github\workflows\build-and-test.yml = .github\workflows\build-and-test.yml
		.github\workflows\code-quality.yml = .github\workflows\code-quality.yml
	EndProjectSection
EndProject
Global
	GlobalSection(SolutionConfigurationPlatforms) = preSolution
		Debug|Any CPU = Debug|Any CPU
		Release|Any CPU = Release|Any CPU
	EndGlobalSection
	GlobalSection(ProjectConfigurationPlatforms) = postSolution
		{61C44C0B-1705-49A7-B88D-ACB260D2B59E}.Debug|Any CPU.ActiveCfg = Debug|Any CPU
		{61C44C0B-1705-49A7-B88D-ACB260D2B59E}.Debug|Any CPU.Build.0 = Debug|Any CPU
		{61C44C0B-1705-49A7-B88D-ACB260D2B59E}.Release|Any CPU.ActiveCfg = Debug|Any CPU
		{61C44C0B-1705-49A7-B88D-ACB260D2B59E}.Release|Any CPU.Build.0 = Debug|Any CPU
		{DDC0D77C-DDA0-4523-ABB4-23062E066312}.Debug|Any CPU.ActiveCfg = Debug|Any CPU
		{DDC0D77C-DDA0-4523-ABB4-23062E066312}.Debug|Any CPU.Build.0 = Debug|Any CPU
		{DDC0D77C-DDA0-4523-ABB4-23062E066312}.Release|Any CPU.ActiveCfg = Debug|Any CPU
		{DDC0D77C-DDA0-4523-ABB4-23062E066312}.Release|Any CPU.Build.0 = Debug|Any CPU
		{FAE04EC0-301F-11D3-BF4B-00C04F79EFBC}.Debug|Any CPU.ActiveCfg = Debug|Any CPU
		{FAE04EC0-301F-11D3-BF4B-00C04F79EFBC}.Debug|Any CPU.Build.0 = Debug|Any CPU
		{FAE04EC0-301F-11D3-BF4B-00C04F79EFBC}.Release|Any CPU.ActiveCfg = Release|Any CPU
		{FAE04EC0-301F-11D3-BF4B-00C04F79EFBC}.Release|Any CPU.Build.0 = Release|Any CPU
		{CA4BD270-DA27-4792-A7D3-6DA15A4E4EB2}.Debug|Any CPU.ActiveCfg = Debug|Any CPU
		{CA4BD270-DA27-4792-A7D3-6DA15A4E4EB2}.Debug|Any CPU.Build.0 = Debug|Any CPU
		{CA4BD270-DA27-4792-A7D3-6DA15A4E4EB2}.Release|Any CPU.ActiveCfg = Debug|Any CPU
		{CA4BD270-DA27-4792-A7D3-6DA15A4E4EB2}.Release|Any CPU.Build.0 = Debug|Any CPU
		{50857ACE-12B0-4262-A89F-413AC8AD31B1}.Debug|Any CPU.ActiveCfg = Debug|Any CPU
		{50857ACE-12B0-4262-A89F-413AC8AD31B1}.Debug|Any CPU.Build.0 = Debug|Any CPU
		{50857ACE-12B0-4262-A89F-413AC8AD31B1}.Release|Any CPU.ActiveCfg = Release|Any CPU
		{50857ACE-12B0-4262-A89F-413AC8AD31B1}.Release|Any CPU.Build.0 = Release|Any CPU
		{2EE77FC5-CFF6-4F8F-8A2B-CAF43892C24B}.Debug|Any CPU.ActiveCfg = Debug|Any CPU
		{2EE77FC5-CFF6-4F8F-8A2B-CAF43892C24B}.Debug|Any CPU.Build.0 = Debug|Any CPU
		{2EE77FC5-CFF6-4F8F-8A2B-CAF43892C24B}.Release|Any CPU.ActiveCfg = Debug|Any CPU
		{2EE77FC5-CFF6-4F8F-8A2B-CAF43892C24B}.Release|Any CPU.Build.0 = Debug|Any CPU
		{C3D58F03-3DE4-431F-8586-AE20EB033D6B}.Debug|Any CPU.ActiveCfg = Debug|Any CPU
		{C3D58F03-3DE4-431F-8586-AE20EB033D6B}.Debug|Any CPU.Build.0 = Debug|Any CPU
		{C3D58F03-3DE4-431F-8586-AE20EB033D6B}.Release|Any CPU.ActiveCfg = Debug|Any CPU
		{C3D58F03-3DE4-431F-8586-AE20EB033D6B}.Release|Any CPU.Build.0 = Debug|Any CPU
		{4C6A7075-1D16-4730-B297-7D1AC7956AD0}.Debug|Any CPU.ActiveCfg = Debug|Any CPU
		{4C6A7075-1D16-4730-B297-7D1AC7956AD0}.Debug|Any CPU.Build.0 = Debug|Any CPU
		{4C6A7075-1D16-4730-B297-7D1AC7956AD0}.Release|Any CPU.ActiveCfg = Debug|Any CPU
		{4C6A7075-1D16-4730-B297-7D1AC7956AD0}.Release|Any CPU.Build.0 = Debug|Any CPU
		{3FC756A2-8063-432D-971A-82F119E2CCFC}.Debug|Any CPU.ActiveCfg = Debug|Any CPU
		{3FC756A2-8063-432D-971A-82F119E2CCFC}.Debug|Any CPU.Build.0 = Debug|Any CPU
		{3FC756A2-8063-432D-971A-82F119E2CCFC}.Release|Any CPU.ActiveCfg = Release|Any CPU
		{3FC756A2-8063-432D-971A-82F119E2CCFC}.Release|Any CPU.Build.0 = Release|Any CPU
		{50C2D5CB-7541-4CF4-9D87-46D24736DF56}.Debug|Any CPU.ActiveCfg = Debug|Any CPU
		{50C2D5CB-7541-4CF4-9D87-46D24736DF56}.Debug|Any CPU.Build.0 = Debug|Any CPU
		{50C2D5CB-7541-4CF4-9D87-46D24736DF56}.Release|Any CPU.ActiveCfg = Release|Any CPU
		{50C2D5CB-7541-4CF4-9D87-46D24736DF56}.Release|Any CPU.Build.0 = Release|Any CPU
		{48F66A85-6ECC-439A-B0C1-C92317DF276D}.Debug|Any CPU.ActiveCfg = Debug|Any CPU
		{48F66A85-6ECC-439A-B0C1-C92317DF276D}.Debug|Any CPU.Build.0 = Debug|Any CPU
		{48F66A85-6ECC-439A-B0C1-C92317DF276D}.Release|Any CPU.ActiveCfg = Release|Any CPU
		{48F66A85-6ECC-439A-B0C1-C92317DF276D}.Release|Any CPU.Build.0 = Release|Any CPU
		{FAD5DCE7-6830-40B9-B2FC-4551D67EA4A0}.Debug|Any CPU.ActiveCfg = Debug|Any CPU
		{FAD5DCE7-6830-40B9-B2FC-4551D67EA4A0}.Debug|Any CPU.Build.0 = Debug|Any CPU
		{FAD5DCE7-6830-40B9-B2FC-4551D67EA4A0}.Release|Any CPU.ActiveCfg = Release|Any CPU
		{FAD5DCE7-6830-40B9-B2FC-4551D67EA4A0}.Release|Any CPU.Build.0 = Release|Any CPU
		{F5158A45-A037-421A-A482-B66563A92958}.Debug|Any CPU.ActiveCfg = Debug|Any CPU
		{F5158A45-A037-421A-A482-B66563A92958}.Debug|Any CPU.Build.0 = Debug|Any CPU
		{F5158A45-A037-421A-A482-B66563A92958}.Release|Any CPU.ActiveCfg = Release|Any CPU
		{F5158A45-A037-421A-A482-B66563A92958}.Release|Any CPU.Build.0 = Release|Any CPU
		{5059DD28-EBE1-4A22-9F81-CFFBF8DC16CD}.Debug|Any CPU.ActiveCfg = Debug|Any CPU
		{5059DD28-EBE1-4A22-9F81-CFFBF8DC16CD}.Debug|Any CPU.Build.0 = Debug|Any CPU
		{5059DD28-EBE1-4A22-9F81-CFFBF8DC16CD}.Release|Any CPU.ActiveCfg = Release|Any CPU
		{5059DD28-EBE1-4A22-9F81-CFFBF8DC16CD}.Release|Any CPU.Build.0 = Release|Any CPU
	EndGlobalSection
	GlobalSection(SolutionProperties) = preSolution
		HideSolutionNode = FALSE
	EndGlobalSection
	GlobalSection(NestedProjects) = preSolution
		{D498A2E9-8772-44F3-AD62-D68035D88591} = {8966A5E7-72BB-48F0-A9D8-AAFB4ADF88DC}
		{37C7997A-E24F-4384-8F8D-29A32E80E11B} = {8966A5E7-72BB-48F0-A9D8-AAFB4ADF88DC}
		{B773C65F-7278-415F-829A-96C75A71D6DC} = {8966A5E7-72BB-48F0-A9D8-AAFB4ADF88DC}
		{5BF63EBA-8A82-49F4-B9C4-741AEFCB312A} = {B773C65F-7278-415F-829A-96C75A71D6DC}
		{5A855F89-A14D-49C3-A3D5-D6D62DC1E83A} = {8966A5E7-72BB-48F0-A9D8-AAFB4ADF88DC}
		{2D16B9D3-179A-41E5-839F-897BD3218937} = {5A855F89-A14D-49C3-A3D5-D6D62DC1E83A}
	EndGlobalSection
	GlobalSection(ExtensibilityGlobals) = postSolution
		SolutionGuid = {A7E04819-D4D6-42DA-879B-6525B46E011C}
	EndGlobalSection
EndGlobal
