
Microsoft Visual Studio Solution File, Format Version 12.00
# Visual Studio 15
VisualStudioVersion = 15.0.27130.2026
MinimumVisualStudioVersion = 10.0.40219.1
Project("{9A19103F-16F7-4668-BE54-9A1E7A4F7556}") = "PackIt", "PackIt\src\PackIt.csproj", "{61C44C0B-1705-49A7-B88D-ACB260D2B59E}"
	ProjectSection(ProjectDependencies) = postProject
		{2EE77FC5-CFF6-4F8F-8A2B-CAF43892C24B} = {2EE77FC5-CFF6-4F8F-8A2B-CAF43892C24B}
	EndProjectSection
EndProject
Project("{2150E333-8FDC-42A3-9474-1A3956D46DE8}") = "Solution Items", "Solution Items", "{8966A5E7-72BB-48F0-A9D8-AAFB4ADF88DC}"
	ProjectSection(SolutionItems) = preProject
		.codacy.yml = .codacy.yml
		.gitignore = .gitignore
		.travis.yml = .travis.yml
		appveyor.yml = appveyor.yml
		CODE_OF_CONDUCT.md = CODE_OF_CONDUCT.md
		CONTRIBUTING.md = CONTRIBUTING.md
		CONTRIBUTORS.md = CONTRIBUTORS.md
		LICENSE = LICENSE
		README.md = README.md
		Settings.StyleCop = Settings.StyleCop
		Vagrantfile = Vagrantfile
	EndProjectSection
EndProject
Project("{9A19103F-16F7-4668-BE54-9A1E7A4F7556}") = "PackIt.Test", "PackIt\test\PackIt.Test.csproj", "{DDC0D77C-DDA0-4523-ABB4-23062E066312}"
	ProjectSection(ProjectDependencies) = postProject
		{61C44C0B-1705-49A7-B88D-ACB260D2B59E} = {61C44C0B-1705-49A7-B88D-ACB260D2B59E}
	EndProjectSection
EndProject
Project("{9A19103F-16F7-4668-BE54-9A1E7A4F7556}") = "PackItUI", "PackItUI\src\PackItUI.csproj", "{CA4BD270-DA27-4792-A7D3-6DA15A4E4EB2}"
	ProjectSection(ProjectDependencies) = postProject
		{2EE77FC5-CFF6-4F8F-8A2B-CAF43892C24B} = {2EE77FC5-CFF6-4F8F-8A2B-CAF43892C24B}
	EndProjectSection
EndProject
Project("{9A19103F-16F7-4668-BE54-9A1E7A4F7556}") = "PackItLib", "PackItLib\src\PackItLib.csproj", "{2EE77FC5-CFF6-4F8F-8A2B-CAF43892C24B}"
EndProject
Project("{9A19103F-16F7-4668-BE54-9A1E7A4F7556}") = "PackItLib.Test", "PackItLib\test\PackItLib.Test.csproj", "{C3D58F03-3DE4-431F-8586-AE20EB033D6B}"
EndProject
Project("{9A19103F-16F7-4668-BE54-9A1E7A4F7556}") = "PackItUI.Test", "PackItUI\test\PackItUI.Test.csproj", "{4C6A7075-1D16-4730-B297-7D1AC7956AD0}"
EndProject
Global
	GlobalSection(SolutionConfigurationPlatforms) = preSolution
		Debug|Any CPU = Debug|Any CPU
		Release|Any CPU = Release|Any CPU
	EndGlobalSection
	GlobalSection(ProjectConfigurationPlatforms) = postSolution
		{61C44C0B-1705-49A7-B88D-ACB260D2B59E}.Debug|Any CPU.ActiveCfg = Debug|Any CPU
		{61C44C0B-1705-49A7-B88D-ACB260D2B59E}.Debug|Any CPU.Build.0 = Debug|Any CPU
		{61C44C0B-1705-49A7-B88D-ACB260D2B59E}.Release|Any CPU.ActiveCfg = Debug|Any CPU
		{61C44C0B-1705-49A7-B88D-ACB260D2B59E}.Release|Any CPU.Build.0 = Debug|Any CPU
		{DDC0D77C-DDA0-4523-ABB4-23062E066312}.Debug|Any CPU.ActiveCfg = Debug|Any CPU
		{DDC0D77C-DDA0-4523-ABB4-23062E066312}.Debug|Any CPU.Build.0 = Debug|Any CPU
		{DDC0D77C-DDA0-4523-ABB4-23062E066312}.Release|Any CPU.ActiveCfg = Debug|Any CPU
		{DDC0D77C-DDA0-4523-ABB4-23062E066312}.Release|Any CPU.Build.0 = Debug|Any CPU
		{CA4BD270-DA27-4792-A7D3-6DA15A4E4EB2}.Debug|Any CPU.ActiveCfg = Debug|Any CPU
		{CA4BD270-DA27-4792-A7D3-6DA15A4E4EB2}.Debug|Any CPU.Build.0 = Debug|Any CPU
		{CA4BD270-DA27-4792-A7D3-6DA15A4E4EB2}.Release|Any CPU.ActiveCfg = Debug|Any CPU
		{CA4BD270-DA27-4792-A7D3-6DA15A4E4EB2}.Release|Any CPU.Build.0 = Debug|Any CPU
		{2EE77FC5-CFF6-4F8F-8A2B-CAF43892C24B}.Debug|Any CPU.ActiveCfg = Debug|Any CPU
		{2EE77FC5-CFF6-4F8F-8A2B-CAF43892C24B}.Debug|Any CPU.Build.0 = Debug|Any CPU
		{2EE77FC5-CFF6-4F8F-8A2B-CAF43892C24B}.Release|Any CPU.ActiveCfg = Debug|Any CPU
		{2EE77FC5-CFF6-4F8F-8A2B-CAF43892C24B}.Release|Any CPU.Build.0 = Debug|Any CPU
		{C3D58F03-3DE4-431F-8586-AE20EB033D6B}.Debug|Any CPU.ActiveCfg = Debug|Any CPU
		{C3D58F03-3DE4-431F-8586-AE20EB033D6B}.Debug|Any CPU.Build.0 = Debug|Any CPU
		{C3D58F03-3DE4-431F-8586-AE20EB033D6B}.Release|Any CPU.ActiveCfg = Debug|Any CPU
		{C3D58F03-3DE4-431F-8586-AE20EB033D6B}.Release|Any CPU.Build.0 = Debug|Any CPU
		{4C6A7075-1D16-4730-B297-7D1AC7956AD0}.Debug|Any CPU.ActiveCfg = Debug|Any CPU
		{4C6A7075-1D16-4730-B297-7D1AC7956AD0}.Debug|Any CPU.Build.0 = Debug|Any CPU
		{4C6A7075-1D16-4730-B297-7D1AC7956AD0}.Release|Any CPU.ActiveCfg = Debug|Any CPU
		{4C6A7075-1D16-4730-B297-7D1AC7956AD0}.Release|Any CPU.Build.0 = Debug|Any CPU
	EndGlobalSection
	GlobalSection(SolutionProperties) = preSolution
		HideSolutionNode = FALSE
	EndGlobalSection
	GlobalSection(ExtensibilityGlobals) = postSolution
		SolutionGuid = {A7E04819-D4D6-42DA-879B-6525B46E011C}
	EndGlobalSection
EndGlobal
