# THIS IS AN AUTOGENERATED FILE. DO NOT EDIT THIS FILE DIRECTLY.
# yarn lockfile v1


babylonjs@3.3.0:
  version "3.3.0"
  resolved "https://registry.yarnpkg.com/babylonjs/-/babylonjs-3.3.0.tgz#f7636c3761cc3260dac8adf26767bc6323e74181"
  integrity sha512-3Gn9kAEPejJN4+HMKGAKbhsCsrysvaORqi07Bdr9Xmy3KRt/BxyGwepzfcqFIe8+94SWszPDeJC9peICfHdCKw==

bootstrap@4.2.1:
  version "4.2.1"
  resolved "https://registry.yarnpkg.com/bootstrap/-/bootstrap-4.2.1.tgz#8f8bdca024dbf0e8644da32e918c8a03a90a5757"
  integrity sha512-tt/7vIv3Gm2mnd/WeDx36nfGGHleil0Wg8IeB7eMrVkY0fZ5iTaBisSh8oNANc2IBsCc6vCgCNTIM/IEN0+50Q==

font-awesome-5-css@5.4.1:
  version "5.4.1"
  resolved "https://registry.yarnpkg.com/font-awesome-5-css/-/font-awesome-5-css-5.4.1.tgz#6ea4a5205028012574d13a65734844db9d486ecf"
  integrity sha512-76+fW7i24TlA23FJG3tWjRt8WfT5uerwwUFpTWRo7CicXTlKKf5M874gWLZyHMr1hyzuX+61W8k4IIdG3PEfQA==

jquery-validation-unobtrusive@3.2.11:
  version "3.2.11"
  resolved "https://registry.yarnpkg.com/jquery-validation-unobtrusive/-/jquery-validation-unobtrusive-3.2.11.tgz#175ee46380385a0e33ed320f255fad321f68f9f5"
  integrity sha512-3FQPllaWdD+Aq55zJLGSW39+eXPDz1HhwAvrSwYi8zHQ8DVcu5IJ1HVeTiCl0BnCnrIBvfFU3zEB/DrGdcoRIQ==
  dependencies:
    jquery ">=1.8"
    jquery-validation ">=1.16"

jquery-validation@1.19.0, jquery-validation@>=1.16:
  version "1.19.0"
  resolved "https://registry.yarnpkg.com/jquery-validation/-/jquery-validation-1.19.0.tgz#0fedf0c0483a030c4fff072398898ac18cfd6e40"
  integrity sha512-i1ygcs9K9eI0jqQ8fiOZdT0Ofw941YII1zyPQDUkBS8t2G8SoSWz8UUEVT6gV1KvsaBbovtL8YxjLALACR0syQ==
  dependencies:
    jquery "^1.7 || ^2.0 || ^3.1"

jquery@3.3.1, jquery@>=1.8, "jquery@^1.7 || ^2.0 || ^3.1":
  version "3.3.1"
  resolved "https://registry.yarnpkg.com/jquery/-/jquery-3.3.1.tgz#958ce29e81c9790f31be7792df5d4d95fc57fbca"
  integrity sha512-Ubldcmxp5np52/ENotGxlLe6aGMvmF4R8S6tZjsP6Knsaxd/xp3Zrh50cG93lR6nPXyUFwzN3ZSOQI0wRJNdGg==

popper.js@1.14.6:
  version "1.14.6"
  resolved "https://registry.yarnpkg.com/popper.js/-/popper.js-1.14.6.tgz#ab20dd4edf9288b8b3b6531c47c361107b60b4b0"
  integrity sha512-AGwHGQBKumlk/MDfrSOf0JHhJCImdDMcGNoqKmKkU+68GFazv3CQ6q9r7Ja1sKDZmYWTckY/uLyEznheTDycnA==
