# THIS IS AN AUTOGENERATED FILE. DO NOT EDIT THIS FILE DIRECTLY.
# yarn lockfile v1


bootstrap@^4.1.1:
  version "4.1.1"
  resolved "https://registry.yarnpkg.com/bootstrap/-/bootstrap-4.1.1.tgz#3aec85000fa619085da8d2e4983dfd67cf2114cb"

fontawesome@^4.7.2:
  version "4.7.2"
  resolved "https://registry.yarnpkg.com/fontawesome/-/fontawesome-4.7.2.tgz#7f0c72ac7a6b029d3375bacb23522d9acfc50a52"

jquery-validation-unobtrusive@^3.2.9:
  version "3.2.9"
  resolved "https://registry.yarnpkg.com/jquery-validation-unobtrusive/-/jquery-validation-unobtrusive-3.2.9.tgz#674bec080408c54c12a22d4234ad3904f47fd5d5"
  dependencies:
    jquery ">=1.8"
    jquery-validation ">=1.16"

jquery-validation@>=1.16, jquery-validation@^1.17.0:
  version "1.17.0"
  resolved "https://registry.yarnpkg.com/jquery-validation/-/jquery-validation-1.17.0.tgz#ab66b6b583d7740b9bbd148993e50e8ac041f35b"
  dependencies:
    jquery "^1.7 || ^2.0 || ^3.1"

jquery@>=1.8, "jquery@^1.7 || ^2.0 || ^3.1", jquery@^3.3.1:
  version "3.3.1"
  resolved "https://registry.yarnpkg.com/jquery/-/jquery-3.3.1.tgz#958ce29e81c9790f31be7792df5d4d95fc57fbca"

popper.js@^1.14.3:
  version "1.14.3"
  resolved "https://registry.yarnpkg.com/popper.js/-/popper.js-1.14.3.tgz#1438f98d046acf7b4d78cd502bf418ac64d4f095"

three.js@^0.77.1:
  version "0.77.1"
  resolved "https://registry.yarnpkg.com/three.js/-/three.js-0.77.1.tgz#07858a8749e4b627a31083252a2d987776cca32a"
  dependencies:
    three "0.77.0"

three@0.77.0:
  version "0.77.0"
  resolved "https://registry.yarnpkg.com/three/-/three-0.77.0.tgz#8b0b1b00047689ceaa020d480a562ca60d87ff37"
