# THIS IS AN AUTOGENERATED FILE. DO NOT EDIT THIS FILE DIRECTLY.
# yarn lockfile v1


"@popperjs/core@2.11.5":
  version "2.11.5"
  resolved "https://registry.yarnpkg.com/@popperjs/core/-/core-2.11.5.tgz#db5a11bf66bdab39569719555b0f76e138d7bd64"
  integrity sha512-9X2obfABZuDVLCgPK9aX0a/x4jaOEweTTWE2+9sr0Qqqevj2Uv5XorvusThmc9XGYpS9yI+fhh8RTafBtGposw==

babylonjs@5.15.1:
  version "5.15.1"
  resolved "https://registry.yarnpkg.com/babylonjs/-/babylonjs-5.15.1.tgz#a8ea009377a249d437823fa695c7bb27a192b922"
  integrity sha512-hrI1AyO8EOKdDgcNEnEgq51bO+ykWr/xttkDpjeL1ajm0rieHJKXy1ZLdTuTqyZJSKa0FAW+eTnjogmKN5a79Q==

bootstrap@5.1.3:
  version "5.1.3"
  resolved "https://registry.yarnpkg.com/bootstrap/-/bootstrap-5.1.3.tgz#ba081b0c130f810fa70900acbc1c6d3c28fa8f34"
  integrity sha512-fcQztozJ8jToQWXxVuEyXWW+dSo8AiXWKwiSSrKWsRB/Qt+Ewwza+JWoLKiTuQLaEPhdNAJ7+Dosc9DOIqNy7Q==

font-awesome-5-css@5.4.1:
  version "5.4.1"
  resolved "https://registry.yarnpkg.com/font-awesome-5-css/-/font-awesome-5-css-5.4.1.tgz#6ea4a5205028012574d13a65734844db9d486ecf"
  integrity sha512-76+fW7i24TlA23FJG3tWjRt8WfT5uerwwUFpTWRo7CicXTlKKf5M874gWLZyHMr1hyzuX+61W8k4IIdG3PEfQA==

jquery-validation-unobtrusive@3.2.12:
  version "3.2.12"
  resolved "https://registry.yarnpkg.com/jquery-validation-unobtrusive/-/jquery-validation-unobtrusive-3.2.12.tgz#1d52841f653e516525c251e494b042e664dad8af"
  integrity sha512-kPixGhVcuat7vZXngGFfSIksy4VlzZcHyRgnBIZdsfVneCU+D5sITC8T8dD/9c9K/Q+qkMlgp7ufJHz93nKSuQ==
  dependencies:
    jquery "^3.5.1"
    jquery-validation ">=1.16"

jquery-validation@1.19.5:
  version "1.19.5"
  resolved "https://registry.yarnpkg.com/jquery-validation/-/jquery-validation-1.19.5.tgz#557495b7cad79716897057c4447ad3cd76fda811"
  integrity sha512-X2SmnPq1mRiDecVYL8edWx+yTBZDyC8ohWXFhXdtqFHgU9Wd4KHkvcbCoIZ0JaSaumzS8s2gXSkP8F7ivg/8ZQ==

jquery-validation@>=1.16:
  version "1.19.3"
  resolved "https://registry.yarnpkg.com/jquery-validation/-/jquery-validation-1.19.3.tgz#50b350eba8b02bcfd119ba15f199487b7eb64086"
  integrity sha512-iXxCS5W7STthSTMFX/NDZfWHBLbJ1behVK3eAgHXAV8/0vRa9M4tiqHvJMr39VGWHMGdlkhrtrkBuaL2UlE8yw==

jquery@3.6.0, jquery@^3.5.1:
  version "3.6.0"
  resolved "https://registry.yarnpkg.com/jquery/-/jquery-3.6.0.tgz#c72a09f15c1bdce142f49dbf1170bdf8adac2470"
  integrity sha512-JVzAR/AjBvVt2BmYhxRCSYysDsPcssdmTFnzyLEts9qNwmjmu4JTAMYubEfwVOSwpQ1I1sKKFcxhZCI2buerfw==
